<?xml version="1.0" encoding="utf-8"?>
<Project ToolsVersion="4.0" xmlns="http://schemas.microsoft.com/developer/msbuild/2003">
  <ItemGroup>
    <None Include="packages.config" />
  </ItemGroup>
  <ItemGroup>
    <ClInclude Include="pch.h" />
    <ClInclude Include="Core\Rendering\Shader.hpp">
      <Filter>Core\Rendering</Filter>
    </ClInclude>
    <ClInclude Include="Core\AppWindow.hpp">
      <Filter>Core</Filter>
    </ClInclude>
    <ClInclude Include="Core\App.hpp">
      <Filter>Core</Filter>
    </ClInclude>
    <ClInclude Include="Helpers\FileSystem.hpp">
      <Filter>Helpers</Filter>
    </ClInclude>
    <ClInclude Include="Helpers\PointsLoader.hpp">
      <Filter>Helpers</Filter>
    </ClInclude>
    <ClInclude Include="Renderer\PointCloudRenderer.hpp">
      <Filter>Renderer</Filter>
    </ClInclude>
    <ClInclude Include="Renderer\LightShader.hpp">
      <Filter>Renderer</Filter>
    </ClInclude>
  </ItemGroup>
  <ItemGroup>
    <ClCompile Include="pch.cpp" />
    <ClCompile Include="Core\Rendering\Shader.cpp">
      <Filter>Core\Rendering</Filter>
    </ClCompile>
    <ClCompile Include="Core\AppWindow.cpp">
      <Filter>Core</Filter>
    </ClCompile>
    <ClCompile Include="Helpers\FileSystem.cpp">
      <Filter>Helpers</Filter>
    </ClCompile>
    <ClCompile Include="Helpers\PointsLoader.cpp">
      <Filter>Helpers</Filter>
    </ClCompile>
    <ClCompile Include="Renderer\PointCloudRenderer.cpp">
      <Filter>Renderer</Filter>
    </ClCompile>
    <ClCompile Include="Renderer\LightShader.cpp">
      <Filter>Renderer</Filter>
    </ClCompile>
  </ItemGroup>
  <ItemGroup>
    <Filter Include="Core">
      <UniqueIdentifier>{3e28f83b-e4fb-4d63-ab6f-cff0966014a9}</UniqueIdentifier>
    </Filter>
    <Filter Include="Core\Rendering">
      <UniqueIdentifier>{b5e758d8-4d21-42c8-a5eb-d28511e1f1b3}</UniqueIdentifier>
    </Filter>
    <Filter Include="Helpers">
      <UniqueIdentifier>{6adf6224-e77a-43a1-88a5-da3e95e580e0}</UniqueIdentifier>
    </Filter>
    <Filter Include="Renderer">
      <UniqueIdentifier>{18306fd5-b60d-48d3-87ce-dcbed040d0c2}</UniqueIdentifier>
    </Filter>
  </ItemGroup>
</Project>